// !$*UTF8*$!
{
	archiveVersion = 1;
	classes = {
	};
	objectVersion = 46;
	objects = {

/* Begin PBXBuildFile section */
		355D78431D65E5F20065A9A8 /* main.m in Sources */ = {isa = PBXBuildFile; fileRef = 355D78421D65E5F20065A9A8 /* main.m */; };
		355D78461D65E5F20065A9A8 /* AppDelegate.m in Sources */ = {isa = PBXBuildFile; fileRef = 355D78451D65E5F20065A9A8 /* AppDelegate.m */; };
		355D78491D65E5F20065A9A8 /* ViewController.m in Sources */ = {isa = PBXBuildFile; fileRef = 355D78481D65E5F20065A9A8 /* ViewController.m */; };
		355D784C1D65E5F20065A9A8 /* Main.storyboard in Resources */ = {isa = PBXBuildFile; fileRef = 355D784A1D65E5F20065A9A8 /* Main.storyboard */; };
		355D784E1D65E5F20065A9A8 /* Assets.xcassets in Resources */ = {isa = PBXBuildFile; fileRef = 355D784D1D65E5F20065A9A8 /* Assets.xcassets */; };
		355D78511D65E5F20065A9A8 /* LaunchScreen.storyboard in Resources */ = {isa = PBXBuildFile; fileRef = 355D784F1D65E5F20065A9A8 /* LaunchScreen.storyboard */; };
		355D785C1D65E6A00065A9A8 /* APITest.m in Sources */ = {isa = PBXBuildFile; fileRef = 355D78591D65E6A00065A9A8 /* APITest.m */; };
		355D785D1D65E6A00065A9A8 /* ZelloAPI.m in Sources */ = {isa = PBXBuildFile; fileRef = 355D785B1D65E6A00065A9A8 /* ZelloAPI.m */; };
/* End PBXBuildFile section */

/* Begin PBXFileReference section */
		355D783E1D65E5F20065A9A8 /* APIWrapper.app */ = {isa = PBXFileReference; explicitFileType = wrapper.application; includeInIndex = 0; path = APIWrapper.app; sourceTree = BUILT_PRODUCTS_DIR; };
		355D78421D65E5F20065A9A8 /* main.m */ = {isa = PBXFileReference; lastKnownFileType = sourcecode.c.objc; path = main.m; sourceTree = "<group>"; };
		355D78441D65E5F20065A9A8 /* AppDelegate.h */ = {isa = PBXFileReference; lastKnownFileType = sourcecode.c.h; path = AppDelegate.h; sourceTree = "<group>"; };
		355D78451D65E5F20065A9A8 /* AppDelegate.m */ = {isa = PBXFileReference; lastKnownFileType = sourcecode.c.objc; path = AppDelegate.m; sourceTree = "<group>"; };
		355D78471D65E5F20065A9A8 /* ViewController.h */ = {isa = PBXFileReference; lastKnownFileType = sourcecode.c.h; path = ViewController.h; sourceTree = "<group>"; };
		355D78481D65E5F20065A9A8 /* ViewController.m */ = {isa = PBXFileReference; lastKnownFileType = sourcecode.c.objc; path = ViewController.m; sourceTree = "<group>"; };
		355D784B1D65E5F20065A9A8 /* Base */ = {isa = PBXFileReference; lastKnownFileType = file.storyboard; name = Base; path = Base.lproj/Main.storyboard; sourceTree = "<group>"; };
		355D784D1D65E5F20065A9A8 /* Assets.xcassets */ = {isa = PBXFileReference; lastKnownFileType = folder.assetcatalog; path = Assets.xcassets; sourceTree = "<group>"; };
		355D78501D65E5F20065A9A8 /* Base */ = {isa = PBXFileReference; lastKnownFileType = file.storyboard; name = Base; path = Base.lproj/LaunchScreen.storyboard; sourceTree = "<group>"; };
		355D78521D65E5F20065A9A8 /* Info.plist */ = {isa = PBXFileReference; lastKnownFileType = text.plist.xml; path = Info.plist; sourceTree = "<group>"; };
		355D78581D65E6A00065A9A8 /* APITest.h */ = {isa = PBXFileReference; fileEncoding = 4; lastKnownFileType = sourcecode.c.h; path = APITest.h; sourceTree = "<group>"; };
		355D78591D65E6A00065A9A8 /* APITest.m */ = {isa = PBXFileReference; fileEncoding = 4; lastKnownFileType = sourcecode.c.objc; path = APITest.m; sourceTree = "<group>"; };
		355D785A1D65E6A00065A9A8 /* ZelloAPI.h */ = {isa = PBXFileReference; fileEncoding = 4; lastKnownFileType = sourcecode.c.h; path = ZelloAPI.h; sourceTree = "<group>"; };
		355D785B1D65E6A00065A9A8 /* ZelloAPI.m */ = {isa = PBXFileReference; fileEncoding = 4; lastKnownFileType = sourcecode.c.objc; path = ZelloAPI.m; sourceTree = "<group>"; };
/* End PBXFileReference section */

/* Begin PBXFrameworksBuildPhase section */
		355D783B1D65E5F20065A9A8 /* Frameworks */ = {
			isa = PBXFrameworksBuildPhase;
			buildActionMask = 2147483647;
			files = (
			);
			runOnlyForDeploymentPostprocessing = 0;
		};
/* End PBXFrameworksBuildPhase section */

/* Begin PBXGroup section */
		355D78351D65E5F20065A9A8 = {
			isa = PBXGroup;
			children = (
				355D78401D65E5F20065A9A8 /* APIWrapper */,
				355D783F1D65E5F20065A9A8 /* Products */,
			);
			sourceTree = "<group>";
		};
		355D783F1D65E5F20065A9A8 /* Products */ = {
			isa = PBXGroup;
			children = (
				355D783E1D65E5F20065A9A8 /* APIWrapper.app */,
			);
			name = Products;
			sourceTree = "<group>";
		};
		355D78401D65E5F20065A9A8 /* APIWrapper */ = {
			isa = PBXGroup;
			children = (
				355D78581D65E6A00065A9A8 /* APITest.h */,
				355D78591D65E6A00065A9A8 /* APITest.m */,
				355D785A1D65E6A00065A9A8 /* ZelloAPI.h */,
				355D785B1D65E6A00065A9A8 /* ZelloAPI.m */,
				355D78441D65E5F20065A9A8 /* AppDelegate.h */,
				355D78451D65E5F20065A9A8 /* AppDelegate.m */,
				355D78471D65E5F20065A9A8 /* ViewController.h */,
				355D78481D65E5F20065A9A8 /* ViewController.m */,
				355D784A1D65E5F20065A9A8 /* Main.storyboard */,
				355D784D1D65E5F20065A9A8 /* Assets.xcassets */,
				355D784F1D65E5F20065A9A8 /* LaunchScreen.storyboard */,
				355D78521D65E5F20065A9A8 /* Info.plist */,
				355D78411D65E5F20065A9A8 /* Supporting Files */,
			);
			path = APIWrapper;
			sourceTree = "<group>";
		};
		355D78411D65E5F20065A9A8 /* Supporting Files */ = {
			isa = PBXGroup;
			children = (
				355D78421D65E5F20065A9A8 /* main.m */,
			);
			name = "Supporting Files";
			sourceTree = "<group>";
		};
/* End PBXGroup section */

/* Begin PBXNativeTarget section */
		355D783D1D65E5F20065A9A8 /* APIWrapper */ = {
			isa = PBXNativeTarget;
			buildConfigurationList = 355D78551D65E5F20065A9A8 /* Build configuration list for PBXNativeTarget "APIWrapper" */;
			buildPhases = (
				355D783A1D65E5F20065A9A8 /* Sources */,
				355D783B1D65E5F20065A9A8 /* Frameworks */,
				355D783C1D65E5F20065A9A8 /* Resources */,
			);
			buildRules = (
			);
			dependencies = (
			);
			name = APIWrapper;
			productName = APIWrapper;
			productReference = 355D783E1D65E5F20065A9A8 /* APIWrapper.app */;
			productType = "com.apple.product-type.application";
		};
/* End PBXNativeTarget section */

/* Begin PBXProject section */
		355D78361D65E5F20065A9A8 /* Project object */ = {
			isa = PBXProject;
			attributes = {
				LastUpgradeCheck = 0730;
				ORGANIZATIONNAME = Zello;
				TargetAttributes = {
					355D783D1D65E5F20065A9A8 = {
						CreatedOnToolsVersion = 7.3;
					};
				};
			};
			buildConfigurationList = 355D78391D65E5F20065A9A8 /* Build configuration list for PBXProject "APIWrapper" */;
			compatibilityVersion = "Xcode 3.2";
			developmentRegion = English;
			hasScannedForEncodings = 0;
			knownRegions = (
				en,
				Base,
			);
			mainGroup = 355D78351D65E5F20065A9A8;
			productRefGroup = 355D783F1D65E5F20065A9A8 /* Products */;
			projectDirPath = "";
			projectRoot = "";
			targets = (
				355D783D1D65E5F20065A9A8 /* APIWrapper */,
			);
		};
/* End PBXProject section */

/* Begin PBXResourcesBuildPhase section */
		355D783C1D65E5F20065A9A8 /* Resources */ = {
			isa = PBXResourcesBuildPhase;
			buildActionMask = 2147483647;
			files = (
				355D78511D65E5F20065A9A8 /* LaunchScreen.storyboard in Resources */,
				355D784E1D65E5F20065A9A8 /* Assets.xcassets in Resources */,
				355D784C1D65E5F20065A9A8 /* Main.storyboard in Resources */,
			);
			runOnlyForDeploymentPostprocessing = 0;
		};
/* End PBXResourcesBuildPhase section */

/* Begin PBXSourcesBuildPhase section */
		355D783A1D65E5F20065A9A8 /* Sources */ = {
			isa = PBXSourcesBuildPhase;
			buildActionMask = 2147483647;
			files = (
				355D78491D65E5F20065A9A8 /* ViewController.m in Sources */,
				355D785D1D65E6A00065A9A8 /* ZelloAPI.m in Sources */,
				355D78461D65E5F20065A9A8 /* AppDelegate.m in Sources */,
				355D785C1D65E6A00065A9A8 /* APITest.m in Sources */,
				355D78431D65E5F20065A9A8 /* main.m in Sources */,
			);
			runOnlyForDeploymentPostprocessing = 0;
		};
/* End PBXSourcesBuildPhase section */

/* Begin PBXVariantGroup section */
		355D784A1D65E5F20065A9A8 /* Main.storyboard */ = {
			isa = PBXVariantGroup;
			children = (
				355D784B1D65E5F20065A9A8 /* Base */,
			);
			name = Main.storyboard;
			sourceTree = "<group>";
		};
		355D784F1D65E5F20065A9A8 /* LaunchScreen.storyboard */ = {
			isa = PBXVariantGroup;
			children = (
				355D78501D65E5F20065A9A8 /* Base */,
			);
			name = LaunchScreen.storyboard;
			sourceTree = "<group>";
		};
/* End PBXVariantGroup section */

/* Begin XCBuildConfiguration section */
		355D78531D65E5F20065A9A8 /* Debug */ = {
			isa = XCBuildConfiguration;
			buildSettings = {
				ALWAYS_SEARCH_USER_PATHS = NO;
				CLANG_ANALYZER_NONNULL = YES;
				CLANG_CXX_LANGUAGE_STANDARD = "gnu++0x";
				CLANG_CXX_LIBRARY = "libc++";
				CLANG_ENABLE_MODULES = YES;
				CLANG_ENABLE_OBJC_ARC = YES;
				CLANG_WARN_BOOL_CONVERSION = YES;
				CLANG_WARN_CONSTANT_CONVERSION = YES;
				CLANG_WARN_DIRECT_OBJC_ISA_USAGE = YES_ERROR;
				CLANG_WARN_EMPTY_BODY = YES;
				CLANG_WARN_ENUM_CONVERSION = YES;
				CLANG_WARN_INT_CONVERSION = YES;
				CLANG_WARN_OBJC_ROOT_CLASS = YES_ERROR;
				CLANG_WARN_UNREACHABLE_CODE = YES;
				CLANG_WARN__DUPLICATE_METHOD_MATCH = YES;
				"CODE_SIGN_IDENTITY[sdk=iphoneos*]" = "iPhone Developer";
				COPY_PHASE_STRIP = NO;
				DEBUG_INFORMATION_FORMAT = dwarf;
				ENABLE_STRICT_OBJC_MSGSEND = YES;
				ENABLE_TESTABILITY = YES;
				GCC_C_LANGUAGE_STANDARD = gnu99;
				GCC_DYNAMIC_NO_PIC = NO;
				GCC_NO_COMMON_BLOCKS = YES;
				GCC_OPTIMIZATION_LEVEL = 0;
				GCC_PREPROCESSOR_DEFINITIONS = (
					"DEBUG=1",
					"$(inherited)",
				);
				GCC_WARN_64_TO_32_BIT_CONVERSION = YES;
				GCC_WARN_ABOUT_RETURN_TYPE = YES_ERROR;
				GCC_WARN_UNDECLARED_SELECTOR = YES;
				GCC_WARN_UNINITIALIZED_AUTOS = YES_AGGRESSIVE;
				GCC_WARN_UNUSED_FUNCTION = YES;
				GCC_WARN_UNUSED_VARIABLE = YES;
				IPHONEOS_DEPLOYMENT_TARGET = 9.3;
				MTL_ENABLE_DEBUG_INFO = YES;
				ONLY_ACTIVE_ARCH = YES;
				SDKROOT = iphoneos;
				TARGETED_DEVICE_FAMILY = "1,2";
			};
			name = Debug;
		};
		355D78541D65E5F20065A9A8 /* Release */ = {
			isa = XCBuildConfiguration;
			buildSettings = {
				ALWAYS_SEARCH_USER_PATHS = NO;
				CLANG_ANALYZER_NONNULL = YES;
				CLANG_CXX_LANGUAGE_STANDARD = "gnu++0x";
				CLANG_CXX_LIBRARY = "libc++";
				CLANG_ENABLE_MODULES = YES;
				CLANG_ENABLE_OBJC_ARC = YES;
				CLANG_WARN_BOOL_CONVERSION = YES;
				CLANG_WARN_CONSTANT_CONVERSION = YES;
				CLANG_WARN_DIRECT_OBJC_ISA_USAGE = YES_ERROR;
				CLANG_WARN_EMPTY_BODY = YES;
				CLANG_WARN_ENUM_CONVERSION = YES;
				CLANG_WARN_INT_CONVERSION = YES;
				CLANG_WARN_OBJC_ROOT_CLASS = YES_ERROR;
				CLANG_WARN_UNREACHABLE_CODE = YES;
				CLANG_WARN__DUPLICATE_METHOD_MATCH = YES;
				"CODE_SIGN_IDENTITY[sdk=iphoneos*]" = "iPhone Developer";
				COPY_PHASE_STRIP = NO;
				DEBUG_INFORMATION_FORMAT = "dwarf-with-dsym";
				ENABLE_NS_ASSERTIONS = NO;
				ENABLE_STRICT_OBJC_MSGSEND = YES;
				GCC_C_LANGUAGE_STANDARD = gnu99;
				GCC_NO_COMMON_BLOCKS = YES;
				GCC_WARN_64_TO_32_BIT_CONVERSION = YES;
				GCC_WARN_ABOUT_RETURN_TYPE = YES_ERROR;
				GCC_WARN_UNDECLARED_SELECTOR = YES;
				GCC_WARN_UNINITIALIZED_AUTOS = YES_AGGRESSIVE;
				GCC_WARN_UNUSED_FUNCTION = YES;
				GCC_WARN_UNUSED_VARIABLE = YES;
				IPHONEOS_DEPLOYMENT_TARGET = 9.3;
				MTL_ENABLE_DEBUG_INFO = NO;
				SDKROOT = iphoneos;
				TARGETED_DEVICE_FAMILY = "1,2";
				VALIDATE_PRODUCT = YES;
			};
			name = Release;
		};
		355D78561D65E5F20065A9A8 /* Debug */ = {
			isa = XCBuildConfiguration;
			buildSettings = {
				ASSETCATALOG_COMPILER_APPICON_NAME = AppIcon;
				INFOPLIST_FILE = APIWrapper/Info.plist;
				LD_RUNPATH_SEARCH_PATHS = "$(inherited) @executable_path/Frameworks";
				PRODUCT_BUNDLE_IDENTIFIER = com.zello.APIWrapper;
				PRODUCT_NAME = "$(TARGET_NAME)";
			};
			name = Debug;
		};
		355D78571D65E5F20065A9A8 /* Release */ = {
			isa = XCBuildConfiguration;
			buildSettings = {
				ASSETCATALOG_COMPILER_APPICON_NAME = AppIcon;
				INFOPLIST_FILE = APIWrapper/Info.plist;
				LD_RUNPATH_SEARCH_PATHS = "$(inherited) @executable_path/Frameworks";
				PRODUCT_BUNDLE_IDENTIFIER = com.zello.APIWrapper;
				PRODUCT_NAME = "$(TARGET_NAME)";
			};
			name = Release;
		};
/* End XCBuildConfiguration section */

/* Begin XCConfigurationList section */
		355D78391D65E5F20065A9A8 /* Build configuration list for PBXProject "APIWrapper" */ = {
			isa = XCConfigurationList;
			buildConfigurations = (
				355D78531D65E5F20065A9A8 /* Debug */,
				355D78541D65E5F20065A9A8 /* Release */,
			);
			defaultConfigurationIsVisible = 0;
			defaultConfigurationName = Release;
		};
		355D78551D65E5F20065A9A8 /* Build configuration list for PBXNativeTarget "APIWrapper" */ = {
			isa = XCConfigurationList;
			buildConfigurations = (
				355D78561D65E5F20065A9A8 /* Debug */,
				355D78571D65E5F20065A9A8 /* Release */,
			);
			defaultConfigurationIsVisible = 0;
		};
/* End XCConfigurationList section */
	};
	rootObject = 355D78361D65E5F20065A9A8 /* Project object */;
}
